# This file was autogenerated by Stack.
# You should not edit this file by hand.
# For more information, please see the documentation at:
#   https://docs.haskellstack.org/en/stable/lock_files

packages:
- completed:
    hackage: th-abstraction-0.5.0.0@sha256:4351cadf6bf0ca80c90225bae0b12f4cfdd550f30c333b050186af5a8bc19457,2236
    pantry-tree:
      sha256: f1e547789ee75cf1d880c2dd6498254e9a37de052842b573b43c4b4a1ebcfd6d
      size: 670
  original:
    hackage: th-abstraction-0.5.0.0
- completed:
    hackage: indexed-traversable-0.1.2.1@sha256:154b4649199a602dea948a93cb34a6c4be71576c4f78410733dd9f6bc79b6e0b,2545
    pantry-tree:
      sha256: 16487541e56c38d7f86f7d80710cab904e2aae676a42982f185370cd2aa87a6b
      size: 554
  original:
    hackage: indexed-traversable-0.1.2.1
- completed:
    hackage: transformers-compat-0.7.2@sha256:044fb9955f63ee138fcebedfdcbe54afe741f2d5892a2d0bdf3a8052bd342643,5601
    pantry-tree:
      sha256: f49610c6a2faf82111e5d4222576f4afbcfa904bf56665232c5aa077dfc7578f
      size: 1724
  original:
    hackage: transformers-compat-0.7.2
- completed:
    hackage: StateVar-1.2.2@sha256:3c022c00485fe165e3080d5da6b3ca9c9b02f62c5deebc584d1b3d1309ce673e,1673
    pantry-tree:
      sha256: 204cac98219e99334f47b12c565945611748ea03a4d629273dd697d738bcfd7f
      size: 314
  original:
    hackage: StateVar-1.2.2
- completed:
    hackage: mtl-2.3.1@sha256:5377696d7315e2ef31a8d15d67b22d733c20cac2caf8b26756ff8524c8217e6d,1868
    pantry-tree:
      sha256: ac3cf1dc9ef397512d4bf8f2c3fbe4d64fb8aabd253288b34bf86c09ae234d4f
      size: 1853
  original:
    hackage: mtl-2.3.1
- completed:
    hackage: base-orphans-0.9.0@sha256:0bdd3486d3a1bcbed0513b46af4a13ca74b395313fa5b6e0068d6b7413b76a04,3205
    pantry-tree:
      sha256: 47868c1badc9812bf9ad81ad8aa52e3f920e28568c33dcd602dbfa86b5f6674e
      size: 1272
  original:
    hackage: base-orphans-0.9.0
- completed:
    hackage: bifunctors-5.5.15@sha256:5ebaf9a1996de38ad9d77bec37a5585b6461b34f39446e8f1cadae7689a12bfd,3850
    pantry-tree:
      sha256: bd0078109e197194f4daa103c0d9f520ed2e6550ef0b11de2c17bd1ad0d3f19c
      size: 1758
  original:
    hackage: bifunctors-5.5.15
- completed:
    hackage: comonad-5.0.8@sha256:1f1aabd73ec7f80f20cf078a748a60cd48d8e57277802fdf6a9ab3601a9b8f7e,3631
    pantry-tree:
      sha256: 394660fe7fa4127e5a181890bce28b9fcd6eb180ba25aa5566bc8b5bdd385517
      size: 1618
  original:
    hackage: comonad-5.0.8
- completed:
    hackage: contravariant-1.5.5@sha256:470ed0e040e879e2da4af1b2c8f94e199f6135852a8107858d5ae0a95365835f,3041
    pantry-tree:
      sha256: 9eb62fea28548dc8a0f60fd47c12843092b78b24ed771b8ad63a0bb34dba8bc4
      size: 652
  original:
    hackage: contravariant-1.5.5
- completed:
    hackage: distributive-0.6.2.1@sha256:0f99f5541cca04acf89b64432b03422b6408e830a8dff30e6c4334ef1a48680c,2996
    pantry-tree:
      sha256: a42bed5fe0ba295643538312dee6c9436314c05a6f7efdd32b4303979f8bd744
      size: 735
  original:
    hackage: distributive-0.6.2.1
- completed:
    hackage: hashable-1.4.2.0@sha256:585792335d5541dba78fa8dfcb291a89cd5812a281825ff7a44afa296ab5d58a,4520
    pantry-tree:
      sha256: 792a6cab3f15c5db29d759c8ca735d0be5f4c94f363329652f8b9780009d0829
      size: 1248
  original:
    hackage: hashable-1.4.2.0
- completed:
    hackage: tagged-0.8.7@sha256:9013e1491dc0d291cb37c2845973293a03c230374f44792bfc96e14fdfb426dc,2880
    pantry-tree:
      sha256: a5b3d421c0bfd9f764e31639f4c844b5737810be2b683923142096fc5ab60efe
      size: 496
  original:
    hackage: tagged-0.8.7
- completed:
    hackage: transformers-0.6.0.4@sha256:78e095435869cd97dc304b7667eda3fbb5d54e2722fb0ea17fe30a6fa84c6648,3163
    pantry-tree:
      sha256: 043c96fe1dc76eb010a58ac580e8c3f00ede08736891ab33e4e758b05e725601
      size: 2375
  original:
    hackage: transformers-0.6.0.4
- completed:
    hackage: unordered-containers-0.2.19.1@sha256:9ad8972c2e913c37b1d4f0e1261517fd7a1b8c8a58077e057be69837e3dbaa00,3822
    pantry-tree:
      sha256: ab7c0dbe2eea20198c7f471825a4aa87e47ae8976be75d6de4ff7cf2f1258f46
      size: 1517
  original:
    hackage: unordered-containers-0.2.19.1
- completed:
    hackage: semigroupoids-5.3.7@sha256:ac093739682f0dc7a37698b423590dc0f1ca89fed908fbbc5a73a44beefa7d18,7721
    pantry-tree:
      sha256: 210c79c309f5f2837a699c18ffaf795a8c4944c218ca1938475c55a805b3d614
      size: 2404
  original:
    hackage: semigroupoids-5.3.7
- completed:
    hackage: checkers-0.6.0@sha256:11dc640e98d3f0b3cf65e2777e99be89b22b212f48c88dc23f289ef64f717b72,2174
    pantry-tree:
      sha256: fa8d583641cfc110f037241e9d9a79479abf9be6b87533a469a5dd81f002ed12
      size: 1367
  original:
    hackage: checkers-0.6.0
- completed:
    hackage: QuickCheck-2.14.2@sha256:4ce29211223d5e6620ebceba34a3ca9ccf1c10c0cf387d48aea45599222ee5aa,7736
    pantry-tree:
      sha256: 2fe423d0ed7cd64f0f165d708779f48814e66c4f181c568468134af55d86a5f8
      size: 2315
  original:
    hackage: QuickCheck-2.14.2
- completed:
    hackage: random-1.2.1.1@sha256:dea1f11e5569332dc6c8efaad1cb301016a5587b6754943a49f9de08ae0e56d9,6541
    pantry-tree:
      sha256: 646ee77fe01178837ee928b61ae8653dcf190e9b5353ebebd094079c77a18b76
      size: 1528
  original:
    hackage: random-1.2.1.1
- completed:
    hackage: splitmix-0.1.0.4@sha256:db25c2e17967aa6b6046ab8b1b96ba3f344ca59a62b60fb6113d51ea305a3d8e,6537
    pantry-tree:
      sha256: d0ee67a1005ff3b666d3edce14e0b1f9ff966de7d090f6340fd436d958293839
      size: 1519
  original:
    hackage: splitmix-0.1.0.4
- completed:
    hackage: hspec-2.10.10@sha256:7516848133191eb01d8e7349d9ca696250eb12d6a4f2d1f20cca82a06597c66b,1717
    pantry-tree:
      sha256: 519c23917234c6f70b6775706d94ce99a247afbbc8d0a28bfc0f0c44e2231a94
      size: 583
  original:
    hackage: hspec-2.10.10
- completed:
    hackage: hspec-core-2.10.10@sha256:bae1103f33c601482fa20f80de4556f822ff8f3f344339fd6421f34b5939768d,6671
    pantry-tree:
      sha256: 748a6501d665e4036fcee9fccfedce146f9a3d1ecd30aa279b14233e3cc77231
      size: 6071
  original:
    hackage: hspec-core-2.10.10
- completed:
    hackage: hspec-discover-2.10.10@sha256:a8839a91db8e0afc97fe79a5b494468a5e83d4ad6b438706ac75c7bf0f53cd56,2170
    pantry-tree:
      sha256: f625e659d3866dc6162cb5c63ea4171fc94e2460410be554f9ce230ac5f959c2
      size: 828
  original:
    hackage: hspec-discover-2.10.10
- completed:
    hackage: hspec-expectations-0.8.2@sha256:e2db24881baadc2d9d23b03cb629e80dcbda89a6b04ace9adb5f4d02ef8b31aa,1594
    pantry-tree:
      sha256: cba2c119c85cf68a18d35cccb365d032359442c82ceb93b295020609712d791f
      size: 602
  original:
    hackage: hspec-expectations-0.8.2
- completed:
    hackage: HUnit-1.6.2.0@sha256:1a79174e8af616117ad39464cac9de205ca923da6582825e97c10786fda933a4,1588
    pantry-tree:
      sha256: 4f20a5a33866171260d0ee1e256c27f53cc84d37a68d498c3e12347f4e3d05b4
      size: 878
  original:
    hackage: HUnit-1.6.2.0
- completed:
    hackage: ansi-terminal-0.11.4@sha256:410737137c798e23339a08435a5511785ebf1db08700e37debbd7801cf73fc82,3584
    pantry-tree:
      sha256: 49bc6ef92292ee8b663a40cf5170af1efaaa4ed84155b65ad41eabf1faf9b18f
      size: 1462
  original:
    hackage: ansi-terminal-0.11.4
- completed:
    hackage: call-stack-0.4.0@sha256:ac44d2c00931dc20b01750da8c92ec443eb63a7231e8550188cb2ac2385f7feb,1200
    pantry-tree:
      sha256: 04134fa69cdd824b4e4bb7f77e7173e0705f27deabdbbf99549c549400191e1e
      size: 501
  original:
    hackage: call-stack-0.4.0
- completed:
    hackage: haskell-lexer-1.1.1@sha256:4ce310678b7e56b51acb558c0233d2f71a3f3553f8a88e9b48c0bc68301f799b,1296
    pantry-tree:
      sha256: 3aee632065f6299466efeb01bf2622b75617a2c55872f8da5a7bc0aff1fc8b88
      size: 588
  original:
    hackage: haskell-lexer-1.1.1
- completed:
    hackage: quickcheck-io-0.2.0@sha256:7bf0b68fb90873825eb2e5e958c1b76126dcf984debb998e81673e6d837e0b2d,1133
    pantry-tree:
      sha256: afaa27fbf8b35aa7ce174abd9c59a84a12fd7f3d08300c3280b22c1d204f11ca
      size: 223
  original:
    hackage: quickcheck-io-0.2.0
- completed:
    hackage: setenv-0.1.1.3@sha256:c5916ac0d2a828473cd171261328a290afe0abd799db1ac8c310682fe778c45b,1053
    pantry-tree:
      sha256: 9a071cf2552e6881cd3ac0ce81252d5b96ac7f42cae517d973ea167e3d503265
      size: 212
  original:
    hackage: setenv-0.1.1.3
- completed:
    hackage: tf-random-0.5@sha256:14012837d0f0e18fdbbe3d56e67da8622ee5e20b180abce952dd50bd9f36b326,3983
    pantry-tree:
      sha256: d6483580cfea846cbf23ff1d7a67849546d5096425b6d61318a34554043b4ffb
      size: 941
  original:
    hackage: tf-random-0.5
- completed:
    hackage: colour-2.3.6@sha256:ebdcbf15023958838a527e381ab3c3b1e99ed12d1b25efeb7feaa4ad8c37664a,2378
    pantry-tree:
      sha256: 03f8e22f364deb86098dbfbe0bf83c896437b2355f139abdac0402658fb6ac7e
      size: 1183
  original:
    hackage: colour-2.3.6
- completed:
    hackage: primitive-0.8.0.0@sha256:826bf2a702a26ef87532a135808abad69d74f70ead39f26c06d034b1f0537a19,3104
    pantry-tree:
      sha256: eaf8b0689d5a3cbc38b5a5b4bf665ec5822ad0060e8876b26bf6f13b9741295a
      size: 1721
  original:
    hackage: primitive-0.8.0.0
- completed:
    hackage: data-array-byte-0.1.0.1@sha256:2ef1bd3511e82ba56f7f23cd793dd2da84338a1e7c2cbea5b151417afe3baada,1989
    pantry-tree:
      sha256: 3e2e40055eef1b63c43900296d2584d2911a24ad7016d3d73bd9c73150287212
      size: 326
  original:
    hackage: data-array-byte-0.1.0.1
snapshots: []
